
Microsoft Visual Studio Solution File, Format Version 12.00
# Visual Studio Version 17
VisualStudioVersion = 17.11.35312.102
MinimumVisualStudioVersion = 10.0.40219.1
Project("{2150E333-8FDC-42A3-9474-1A3956D46DE8}") = "src", "src", "{4CD024D8-6331-430B-9C71-99D5A1F32DFB}"
EndProject
Project("{9A19103F-16F7-4668-BE54-9A1E7A4F7556}") = "Dev.WebHost", "Dev.WebHost\Dev.WebHost.csproj", "{CB027523-C7A0-41C3-B0CD-6BFAD96AE6EF}"
EndProject
Project("{2150E333-8FDC-42A3-9474-1A3956D46DE8}") = "plugins", "plugins", "{41A84984-7840-487D-8166-986707E6F5A0}"
EndProject
Project("{9A19103F-16F7-4668-BE54-9A1E7A4F7556}") = "Dev.Plugin.Blog", "plugins\Dev.Plugin.Blog\Dev.Plugin.Blog.csproj", "{9F84327B-3BAB-4732-9AA4-FE9509DE4B9D}"
EndProject
Project("{9A19103F-16F7-4668-BE54-9A1E7A4F7556}") = "Dev", "common\Dev\Dev.csproj", "{65B05591-4AEF-4F87-85C2-5F215B8D6A13}"
EndProject
Project("{2150E333-8FDC-42A3-9474-1A3956D46DE8}") = "common", "common", "{35B2A4A1-1B4A-401D-9D13-8255A205C536}"
EndProject
Project("{2150E333-8FDC-42A3-9474-1A3956D46DE8}") = "tests", "tests", "{8C9DC4FB-8EA9-4B7D-85B1-17DA97E6D110}"
EndProject
Global
	GlobalSection(SolutionConfigurationPlatforms) = preSolution
		Debug|Any CPU = Debug|Any CPU
		Release|Any CPU = Release|Any CPU
	EndGlobalSection
	GlobalSection(ProjectConfigurationPlatforms) = postSolution
		{CB027523-C7A0-41C3-B0CD-6BFAD96AE6EF}.Debug|Any CPU.ActiveCfg = Debug|Any CPU
		{CB027523-C7A0-41C3-B0CD-6BFAD96AE6EF}.Debug|Any CPU.Build.0 = Debug|Any CPU
		{CB027523-C7A0-41C3-B0CD-6BFAD96AE6EF}.Release|Any CPU.ActiveCfg = Release|Any CPU
		{CB027523-C7A0-41C3-B0CD-6BFAD96AE6EF}.Release|Any CPU.Build.0 = Release|Any CPU
		{9F84327B-3BAB-4732-9AA4-FE9509DE4B9D}.Debug|Any CPU.ActiveCfg = Debug|Any CPU
		{9F84327B-3BAB-4732-9AA4-FE9509DE4B9D}.Debug|Any CPU.Build.0 = Debug|Any CPU
		{9F84327B-3BAB-4732-9AA4-FE9509DE4B9D}.Release|Any CPU.ActiveCfg = Release|Any CPU
		{9F84327B-3BAB-4732-9AA4-FE9509DE4B9D}.Release|Any CPU.Build.0 = Release|Any CPU
		{65B05591-4AEF-4F87-85C2-5F215B8D6A13}.Debug|Any CPU.ActiveCfg = Debug|Any CPU
		{65B05591-4AEF-4F87-85C2-5F215B8D6A13}.Debug|Any CPU.Build.0 = Debug|Any CPU
		{65B05591-4AEF-4F87-85C2-5F215B8D6A13}.Release|Any CPU.ActiveCfg = Release|Any CPU
		{65B05591-4AEF-4F87-85C2-5F215B8D6A13}.Release|Any CPU.Build.0 = Release|Any CPU
	EndGlobalSection
	GlobalSection(SolutionProperties) = preSolution
		HideSolutionNode = FALSE
	EndGlobalSection
	GlobalSection(NestedProjects) = preSolution
		{CB027523-C7A0-41C3-B0CD-6BFAD96AE6EF} = {4CD024D8-6331-430B-9C71-99D5A1F32DFB}
		{41A84984-7840-487D-8166-986707E6F5A0} = {4CD024D8-6331-430B-9C71-99D5A1F32DFB}
		{9F84327B-3BAB-4732-9AA4-FE9509DE4B9D} = {41A84984-7840-487D-8166-986707E6F5A0}
		{65B05591-4AEF-4F87-85C2-5F215B8D6A13} = {35B2A4A1-1B4A-401D-9D13-8255A205C536}
		{35B2A4A1-1B4A-401D-9D13-8255A205C536} = {4CD024D8-6331-430B-9C71-99D5A1F32DFB}
	EndGlobalSection
	GlobalSection(ExtensibilityGlobals) = postSolution
		SolutionGuid = {4B81E19F-3F34-4090-B7BF-054BA507B534}
	EndGlobalSection
EndGlobal
