
Microsoft Visual Studio Solution File, Format Version 12.00
# Visual Studio Version 17
VisualStudioVersion = 17.11.35312.102
MinimumVisualStudioVersion = 10.0.40219.1
Project("{2150E333-8FDC-42A3-9474-1A3956D46DE8}") = "tests", "tests", "{8C9DC4FB-8EA9-4B7D-85B1-17DA97E6D110}"
EndProject
Project("{2150E333-8FDC-42A3-9474-1A3956D46DE8}") = "plugins", "plugins", "{9F88518F-D89E-4E44-A3A1-E1A6281F29D6}"
EndProject
Project("{FAE04EC0-301F-11D3-BF4B-00C04F79EFBC}") = "Dev.Plugin.News", "plugins\Dev.Plugin.News\Dev.Plugin.News.csproj", "{72BAF2CE-446F-4475-8762-0A953CB7461C}"
EndProject
Project("{FAE04EC0-301F-11D3-BF4B-00C04F79EFBC}") = "Dev.Plugin.Blog", "plugins\Dev.Plugin.Blog\Dev.Plugin.Blog.csproj", "{275085B8-E87F-4608-A629-D5FA9A7094D3}"
EndProject
Project("{FAE04EC0-301F-11D3-BF4B-00C04F79EFBC}") = "Dev.WebHost", "Dev.WebHost\Dev.WebHost.csproj", "{8EE4B537-8DC7-46FC-B620-34C5EC20EB20}"
EndProject
Project("{2150E333-8FDC-42A3-9474-1A3956D46DE8}") = "common", "common", "{C15AB50E-4F35-4A50-B300-03AF5CD1D482}"
EndProject
Project("{FAE04EC0-301F-11D3-BF4B-00C04F79EFBC}") = "Dev", "common\Dev\Dev.csproj", "{406273D0-6D79-448A-A16B-2406795499A7}"
EndProject
Global
	GlobalSection(SolutionConfigurationPlatforms) = preSolution
		Debug|Any CPU = Debug|Any CPU
		Release|Any CPU = Release|Any CPU
	EndGlobalSection
	GlobalSection(ProjectConfigurationPlatforms) = postSolution
		{72BAF2CE-446F-4475-8762-0A953CB7461C}.Debug|Any CPU.ActiveCfg = Debug|Any CPU
		{72BAF2CE-446F-4475-8762-0A953CB7461C}.Debug|Any CPU.Build.0 = Debug|Any CPU
		{72BAF2CE-446F-4475-8762-0A953CB7461C}.Release|Any CPU.ActiveCfg = Release|Any CPU
		{72BAF2CE-446F-4475-8762-0A953CB7461C}.Release|Any CPU.Build.0 = Release|Any CPU
		{275085B8-E87F-4608-A629-D5FA9A7094D3}.Debug|Any CPU.ActiveCfg = Debug|Any CPU
		{275085B8-E87F-4608-A629-D5FA9A7094D3}.Debug|Any CPU.Build.0 = Debug|Any CPU
		{275085B8-E87F-4608-A629-D5FA9A7094D3}.Release|Any CPU.ActiveCfg = Release|Any CPU
		{275085B8-E87F-4608-A629-D5FA9A7094D3}.Release|Any CPU.Build.0 = Release|Any CPU
		{8EE4B537-8DC7-46FC-B620-34C5EC20EB20}.Debug|Any CPU.ActiveCfg = Debug|Any CPU
		{8EE4B537-8DC7-46FC-B620-34C5EC20EB20}.Debug|Any CPU.Build.0 = Debug|Any CPU
		{8EE4B537-8DC7-46FC-B620-34C5EC20EB20}.Release|Any CPU.ActiveCfg = Release|Any CPU
		{8EE4B537-8DC7-46FC-B620-34C5EC20EB20}.Release|Any CPU.Build.0 = Release|Any CPU
		{406273D0-6D79-448A-A16B-2406795499A7}.Debug|Any CPU.ActiveCfg = Debug|Any CPU
		{406273D0-6D79-448A-A16B-2406795499A7}.Debug|Any CPU.Build.0 = Debug|Any CPU
		{406273D0-6D79-448A-A16B-2406795499A7}.Release|Any CPU.ActiveCfg = Release|Any CPU
		{406273D0-6D79-448A-A16B-2406795499A7}.Release|Any CPU.Build.0 = Release|Any CPU
	EndGlobalSection
	GlobalSection(SolutionProperties) = preSolution
		HideSolutionNode = FALSE
	EndGlobalSection
	GlobalSection(NestedProjects) = preSolution
		{72BAF2CE-446F-4475-8762-0A953CB7461C} = {9F88518F-D89E-4E44-A3A1-E1A6281F29D6}
		{275085B8-E87F-4608-A629-D5FA9A7094D3} = {9F88518F-D89E-4E44-A3A1-E1A6281F29D6}
		{406273D0-6D79-448A-A16B-2406795499A7} = {C15AB50E-4F35-4A50-B300-03AF5CD1D482}
	EndGlobalSection
	GlobalSection(ExtensibilityGlobals) = postSolution
		SolutionGuid = {4B81E19F-3F34-4090-B7BF-054BA507B534}
	EndGlobalSection
EndGlobal
